
Microsoft Visual Studio Solution File, Format Version 12.00
# Visual Studio 15
VisualStudioVersion = 15.0.26730.12
MinimumVisualStudioVersion = 10.0.40219.1
Project("{FAE04EC0-301F-11D3-BF4B-00C04F79EFBC}") = "Lab1", "Lab1\Lab1.csproj", "{C3F1C483-F70A-46B4-96E9-8179E67CFDAF}"
EndProject
Global
	GlobalSection(SolutionConfigurationPlatforms) = preSolution
		Debug|Any CPU = Debug|Any CPU
		Release|Any CPU = Release|Any CPU
	EndGlobalSection
	GlobalSection(ProjectConfigurationPlatforms) = postSolution
		{C3F1C483-F70A-46B4-96E9-8179E67CFDAF}.Debug|Any CPU.ActiveCfg = Debug|Any CPU
		{C3F1C483-F70A-46B4-96E9-8179E67CFDAF}.Debug|Any CPU.Build.0 = Debug|Any CPU
		{C3F1C483-F70A-46B4-96E9-8179E67CFDAF}.Release|Any CPU.ActiveCfg = Release|Any CPU
		{C3F1C483-F70A-46B4-96E9-8179E67CFDAF}.Release|Any CPU.Build.0 = Release|Any CPU
	EndGlobalSection
	GlobalSection(SolutionProperties) = preSolution
		HideSolutionNode = FALSE
	EndGlobalSection
	GlobalSection(ExtensibilityGlobals) = postSolution
		SolutionGuid = {4903BCC1-527B-41E5-B812-987E362700AC}
	EndGlobalSection
EndGlobal
