
Microsoft Visual Studio Solution File, Format Version 12.00
# Visual Studio 15
VisualStudioVersion = 15.0.26730.12
MinimumVisualStudioVersion = 10.0.40219.1
Project("{FAE04EC0-301F-11D3-BF4B-00C04F79EFBC}") = "Lab5", "Lab5\Lab5.csproj", "{A66A4ED3-9286-416D-8D92-DBD1B49BF97D}"
EndProject
Global
	GlobalSection(SolutionConfigurationPlatforms) = preSolution
		Debug|Any CPU = Debug|Any CPU
		Release|Any CPU = Release|Any CPU
	EndGlobalSection
	GlobalSection(ProjectConfigurationPlatforms) = postSolution
		{A66A4ED3-9286-416D-8D92-DBD1B49BF97D}.Debug|Any CPU.ActiveCfg = Debug|Any CPU
		{A66A4ED3-9286-416D-8D92-DBD1B49BF97D}.Debug|Any CPU.Build.0 = Debug|Any CPU
		{A66A4ED3-9286-416D-8D92-DBD1B49BF97D}.Release|Any CPU.ActiveCfg = Release|Any CPU
		{A66A4ED3-9286-416D-8D92-DBD1B49BF97D}.Release|Any CPU.Build.0 = Release|Any CPU
	EndGlobalSection
	GlobalSection(SolutionProperties) = preSolution
		HideSolutionNode = FALSE
	EndGlobalSection
	GlobalSection(ExtensibilityGlobals) = postSolution
		SolutionGuid = {A0DB0662-8C0F-4290-BC8F-E32FF28108ED}
	EndGlobalSection
EndGlobal
